
Microsoft Visual Studio Solution File, Format Version 12.00
# Visual Studio Version 17
VisualStudioVersion = 17.14.36401.2
MinimumVisualStudioVersion = 10.0.40219.1
Project("{FAE04EC0-301F-11D3-BF4B-00C04F79EFBC}") = "FitMeal", "FitMeal\FitMeal.csproj", "{B4B85431-EE2D-492E-9DE3-93D676034C9F}"
EndProject
Project("{54435603-DBB4-11D2-8724-00A0C9A8B90C}") = "FitMealSetUp", "FitMealSetUp\FitMealSetUp.vdproj", "{F26E7847-5AD5-E130-4C59-95C39FE64391}"
EndProject
Global
	GlobalSection(SolutionConfigurationPlatforms) = preSolution
		Debug|Any CPU = Debug|Any CPU
		Release|Any CPU = Release|Any CPU
	EndGlobalSection
	GlobalSection(ProjectConfigurationPlatforms) = postSolution
		{B4B85431-EE2D-492E-9DE3-93D676034C9F}.Debug|Any CPU.ActiveCfg = Debug|Any CPU
		{B4B85431-EE2D-492E-9DE3-93D676034C9F}.Debug|Any CPU.Build.0 = Debug|Any CPU
		{B4B85431-EE2D-492E-9DE3-93D676034C9F}.Release|Any CPU.ActiveCfg = Release|Any CPU
		{B4B85431-EE2D-492E-9DE3-93D676034C9F}.Release|Any CPU.Build.0 = Release|Any CPU
		{F26E7847-5AD5-E130-4C59-95C39FE64391}.Debug|Any CPU.ActiveCfg = Debug
		{F26E7847-5AD5-E130-4C59-95C39FE64391}.Release|Any CPU.ActiveCfg = Release
	EndGlobalSection
	GlobalSection(SolutionProperties) = preSolution
		HideSolutionNode = FALSE
	EndGlobalSection
	GlobalSection(ExtensibilityGlobals) = postSolution
		SolutionGuid = {A46E0DA7-BE03-4F54-A58B-7FF66BEE2A10}
	EndGlobalSection
EndGlobal
